
Microsoft Visual Studio Solution File, Format Version 12.00
# Visual Studio Version 17
VisualStudioVersion = 17.5.002.0
MinimumVisualStudioVersion = 10.0.40219.1
Project("{9A19103F-16F7-4668-BE54-9A1E7A4F7556}") = "budget tracker", "budget tracker.csproj", "{95D25D0E-DA8F-4BEC-9D5A-6E50C5F1D014}"
EndProject
Project("{FAE04EC0-301F-11D3-BF4B-00C04F79EFBC}") = "EnrollSystem", "..\..\oop exercises\EnrollSystem\EnrollSystem.csproj", "{257C4F91-1F3A-48ED-B615-1EED53D138FA}"
EndProject
Global
	GlobalSection(SolutionConfigurationPlatforms) = preSolution
		Debug|Any CPU = Debug|Any CPU
		Release|Any CPU = Release|Any CPU
	EndGlobalSection
	GlobalSection(ProjectConfigurationPlatforms) = postSolution
		{95D25D0E-DA8F-4BEC-9D5A-6E50C5F1D014}.Debug|Any CPU.ActiveCfg = Debug|Any CPU
		{95D25D0E-DA8F-4BEC-9D5A-6E50C5F1D014}.Debug|Any CPU.Build.0 = Debug|Any CPU
		{95D25D0E-DA8F-4BEC-9D5A-6E50C5F1D014}.Release|Any CPU.ActiveCfg = Release|Any CPU
		{95D25D0E-DA8F-4BEC-9D5A-6E50C5F1D014}.Release|Any CPU.Build.0 = Release|Any CPU
		{257C4F91-1F3A-48ED-B615-1EED53D138FA}.Debug|Any CPU.ActiveCfg = Debug|Any CPU
		{257C4F91-1F3A-48ED-B615-1EED53D138FA}.Debug|Any CPU.Build.0 = Debug|Any CPU
		{257C4F91-1F3A-48ED-B615-1EED53D138FA}.Release|Any CPU.ActiveCfg = Release|Any CPU
		{257C4F91-1F3A-48ED-B615-1EED53D138FA}.Release|Any CPU.Build.0 = Release|Any CPU
	EndGlobalSection
	GlobalSection(SolutionProperties) = preSolution
		HideSolutionNode = FALSE
	EndGlobalSection
	GlobalSection(ExtensibilityGlobals) = postSolution
		SolutionGuid = {F7447AC2-96AC-49B1-908B-780C79D340D9}
	EndGlobalSection
EndGlobal
